
Microsoft Visual Studio Solution File, Format Version 12.00
# Visual Studio 14
VisualStudioVersion = 14.0.25420.1
MinimumVisualStudioVersion = 10.0.40219.1
Project("{FAE04EC0-301F-11D3-BF4B-00C04F79EFBC}") = "TimeClocker", "TimeClocker\TimeClocker.csproj", "{6646DE16-A8CE-43C4-86C8-19B37864E78E}"
EndProject
Project("{FAE04EC0-301F-11D3-BF4B-00C04F79EFBC}") = "TimeClocker.Tests", "TimeClocker.Tests\TimeClocker.Tests.csproj", "{31C6E0DF-E59C-4A2D-9E3B-3F6BEF79101D}"
EndProject
Global
	GlobalSection(SolutionConfigurationPlatforms) = preSolution
		Debug|Any CPU = Debug|Any CPU
		Release|Any CPU = Release|Any CPU
	EndGlobalSection
	GlobalSection(ProjectConfigurationPlatforms) = postSolution
		{6646DE16-A8CE-43C4-86C8-19B37864E78E}.Debug|Any CPU.ActiveCfg = Debug|Any CPU
		{6646DE16-A8CE-43C4-86C8-19B37864E78E}.Debug|Any CPU.Build.0 = Debug|Any CPU
		{6646DE16-A8CE-43C4-86C8-19B37864E78E}.Release|Any CPU.ActiveCfg = Release|Any CPU
		{6646DE16-A8CE-43C4-86C8-19B37864E78E}.Release|Any CPU.Build.0 = Release|Any CPU
		{31C6E0DF-E59C-4A2D-9E3B-3F6BEF79101D}.Debug|Any CPU.ActiveCfg = Debug|Any CPU
		{31C6E0DF-E59C-4A2D-9E3B-3F6BEF79101D}.Debug|Any CPU.Build.0 = Debug|Any CPU
		{31C6E0DF-E59C-4A2D-9E3B-3F6BEF79101D}.Release|Any CPU.ActiveCfg = Release|Any CPU
		{31C6E0DF-E59C-4A2D-9E3B-3F6BEF79101D}.Release|Any CPU.Build.0 = Release|Any CPU
	EndGlobalSection
	GlobalSection(SolutionProperties) = preSolution
		HideSolutionNode = FALSE
	EndGlobalSection
EndGlobal
